
Microsoft Visual Studio Solution File, Format Version 12.00
# Visual Studio Version 17
VisualStudioVersion = 17.0.31423.177
MinimumVisualStudioVersion = 10.0.40219.1
Project("{9A19103F-16F7-4668-BE54-9A1E7A4F7556}") = "OnlineAuctionSystem.Auction.API", "OnlineAuctionSystem.Auction.API\OnlineAuctionSystem.Auction.API.csproj", "{B16CA5BC-6EDC-4BF9-90D9-1FC4BB204909}"
EndProject
Project("{FAE04EC0-301F-11D3-BF4B-00C04F79EFBC}") = "OnlineAuctionSystem.Bids.API", "OnlineAuctionSystem.Bids.API\OnlineAuctionSystem.Bids.API.csproj", "{C978905F-EB5E-4689-A020-488B5A3EFB99}"
EndProject
Global
	GlobalSection(SolutionConfigurationPlatforms) = preSolution
		Debug|Any CPU = Debug|Any CPU
		Release|Any CPU = Release|Any CPU
	EndGlobalSection
	GlobalSection(ProjectConfigurationPlatforms) = postSolution
		{B16CA5BC-6EDC-4BF9-90D9-1FC4BB204909}.Debug|Any CPU.ActiveCfg = Debug|Any CPU
		{B16CA5BC-6EDC-4BF9-90D9-1FC4BB204909}.Debug|Any CPU.Build.0 = Debug|Any CPU
		{B16CA5BC-6EDC-4BF9-90D9-1FC4BB204909}.Release|Any CPU.ActiveCfg = Release|Any CPU
		{B16CA5BC-6EDC-4BF9-90D9-1FC4BB204909}.Release|Any CPU.Build.0 = Release|Any CPU
		{C978905F-EB5E-4689-A020-488B5A3EFB99}.Debug|Any CPU.ActiveCfg = Debug|Any CPU
		{C978905F-EB5E-4689-A020-488B5A3EFB99}.Debug|Any CPU.Build.0 = Debug|Any CPU
		{C978905F-EB5E-4689-A020-488B5A3EFB99}.Release|Any CPU.ActiveCfg = Release|Any CPU
		{C978905F-EB5E-4689-A020-488B5A3EFB99}.Release|Any CPU.Build.0 = Release|Any CPU
	EndGlobalSection
	GlobalSection(SolutionProperties) = preSolution
		HideSolutionNode = FALSE
	EndGlobalSection
	GlobalSection(ExtensibilityGlobals) = postSolution
		SolutionGuid = {EE015762-4BBE-4A3E-BCB6-7167A37BFB28}
	EndGlobalSection
EndGlobal
